{
  "name": "@thinairthings/liveblocks-model",
  "version": "1.0.64",
  "lockfileVersion": 3,
  "requires": true,
  "packages": {
    "": {
      "name": "@thinairthings/liveblocks-model",
      "version": "1.0.64",
      "dependencies": {
        "@liveblocks/client": "^1.1.4",
        "@liveblocks/react": "^1.1.4",
        "@thinairthings/zoom-utils": "^1.0.12",
        "lodash.isequal": "^4.5.0",
        "uuid": "^9.0.0"
      },
      "devDependencies": {
        "@types/lodash.isequal": "^4.5.6",
        "@types/react": "^18.2.14",
        "@types/uuid": "^9.0.2"
      }
    },
    "node_modules/@liveblocks/client": {
      "version": "1.1.4",
      "resolved": "https://registry.npmjs.org/@liveblocks/client/-/client-1.1.4.tgz",
      "integrity": "sha512-5vTZeh7DoXdJddNgWnVr+f7QM9c9k7eVZbJJFOcZBjS67drhQWZeKheQQOMwCIY2cktJ8S6RxwbNb6bs3oDRIA==",
      "dependencies": {
        "@liveblocks/core": "1.1.4"
      }
    },
    "node_modules/@liveblocks/core": {
      "version": "1.1.4",
      "resolved": "https://registry.npmjs.org/@liveblocks/core/-/core-1.1.4.tgz",
      "integrity": "sha512-m4dJz0gqQqOkE/dY5DQ9zo8vPE15JgjxImaZo1vkRVoQyNVrwkalCZlNhtcS6G45I6w/18KFbMNfNV4PBGwAtw=="
    },
    "node_modules/@liveblocks/react": {
      "version": "1.1.4",
      "resolved": "https://registry.npmjs.org/@liveblocks/react/-/react-1.1.4.tgz",
      "integrity": "sha512-Z0LIB83Bj6yzl5cy1/wKilSjBMcK6yx9ec+i/Rk3tdNpEWwOKizK3c0eSzfrMYYOA5S5Rwt8W2FVbIFjW/+z+w==",
      "dependencies": {
        "@liveblocks/client": "1.1.4",
        "@liveblocks/core": "1.1.4",
        "use-sync-external-store": "^1.2.0"
      },
      "peerDependencies": {
        "react": "^16.14.0 || ^17 || ^18"
      }
    },
    "node_modules/@thinairthings/zoom-utils": {
      "version": "1.0.12",
      "resolved": "https://npm.pkg.github.com/download/@thinairthings/zoom-utils/1.0.12/b4dd09c89a5fed34c32a6b1df1b59c5e4e8b51ea",
      "integrity": "sha512-1p8CZxhkcnkzvRC+CwqODBGNpbCiXRj3rckQ4j8WLpwZAaM65BQO+8k51ykHDTO5I6cvtJcmy4Oa1lR2TmOpBA==",
      "license": "MIT"
    },
    "node_modules/@types/lodash": {
      "version": "4.14.195",
      "resolved": "https://registry.npmjs.org/@types/lodash/-/lodash-4.14.195.tgz",
      "integrity": "sha512-Hwx9EUgdwf2GLarOjQp5ZH8ZmblzcbTBC2wtQWNKARBSxM9ezRIAUpeDTgoQRAFB0+8CNWXVA9+MaSOzOF3nPg==",
      "dev": true
    },
    "node_modules/@types/lodash.isequal": {
      "version": "4.5.6",
      "resolved": "https://registry.npmjs.org/@types/lodash.isequal/-/lodash.isequal-4.5.6.tgz",
      "integrity": "sha512-Ww4UGSe3DmtvLLJm2F16hDwEQSv7U0Rr8SujLUA2wHI2D2dm8kPu6Et+/y303LfjTIwSBKXB/YTUcAKpem/XEg==",
      "dev": true,
      "dependencies": {
        "@types/lodash": "*"
      }
    },
    "node_modules/@types/prop-types": {
      "version": "15.7.5",
      "resolved": "https://registry.npmjs.org/@types/prop-types/-/prop-types-15.7.5.tgz",
      "integrity": "sha512-JCB8C6SnDoQf0cNycqd/35A7MjcnK+ZTqE7judS6o7utxUCg6imJg3QK2qzHKszlTjcj2cn+NwMB2i96ubpj7w==",
      "dev": true
    },
    "node_modules/@types/react": {
      "version": "18.2.14",
      "resolved": "https://registry.npmjs.org/@types/react/-/react-18.2.14.tgz",
      "integrity": "sha512-A0zjq+QN/O0Kpe30hA1GidzyFjatVvrpIvWLxD+xv67Vt91TWWgco9IvrJBkeyHm1trGaFS/FSGqPlhyeZRm0g==",
      "dev": true,
      "dependencies": {
        "@types/prop-types": "*",
        "@types/scheduler": "*",
        "csstype": "^3.0.2"
      }
    },
    "node_modules/@types/scheduler": {
      "version": "0.16.3",
      "resolved": "https://registry.npmjs.org/@types/scheduler/-/scheduler-0.16.3.tgz",
      "integrity": "sha512-5cJ8CB4yAx7BH1oMvdU0Jh9lrEXyPkar6F9G/ERswkCuvP4KQZfZkSjcMbAICCpQTN4OuZn8tz0HiKv9TGZgrQ==",
      "dev": true
    },
    "node_modules/@types/uuid": {
      "version": "9.0.2",
      "resolved": "https://registry.npmjs.org/@types/uuid/-/uuid-9.0.2.tgz",
      "integrity": "sha512-kNnC1GFBLuhImSnV7w4njQkUiJi0ZXUycu1rUaouPqiKlXkh77JKgdRnTAp1x5eBwcIwbtI+3otwzuIDEuDoxQ==",
      "dev": true
    },
    "node_modules/csstype": {
      "version": "3.1.2",
      "resolved": "https://registry.npmjs.org/csstype/-/csstype-3.1.2.tgz",
      "integrity": "sha512-I7K1Uu0MBPzaFKg4nI5Q7Vs2t+3gWWW648spaF+Rg7pI9ds18Ugn+lvg4SHczUdKlHI5LWBXyqfS8+DufyBsgQ==",
      "dev": true
    },
    "node_modules/js-tokens": {
      "version": "4.0.0",
      "resolved": "https://registry.npmjs.org/js-tokens/-/js-tokens-4.0.0.tgz",
      "integrity": "sha512-RdJUflcE3cUzKiMqQgsCu06FPu9UdIJO0beYbPhHN4k6apgJtifcoCtT9bcxOpYBtpD2kCM6Sbzg4CausW/PKQ==",
      "peer": true
    },
    "node_modules/lodash.isequal": {
      "version": "4.5.0",
      "resolved": "https://registry.npmjs.org/lodash.isequal/-/lodash.isequal-4.5.0.tgz",
      "integrity": "sha512-pDo3lu8Jhfjqls6GkMgpahsF9kCyayhgykjyLMNFTKWrpVdAQtYyB4muAMWozBB4ig/dtWAmsMxLEI8wuz+DYQ=="
    },
    "node_modules/loose-envify": {
      "version": "1.4.0",
      "resolved": "https://registry.npmjs.org/loose-envify/-/loose-envify-1.4.0.tgz",
      "integrity": "sha512-lyuxPGr/Wfhrlem2CL/UcnUc1zcqKAImBDzukY7Y5F/yQiNdko6+fRLevlw1HgMySw7f611UIY408EtxRSoK3Q==",
      "peer": true,
      "dependencies": {
        "js-tokens": "^3.0.0 || ^4.0.0"
      },
      "bin": {
        "loose-envify": "cli.js"
      }
    },
    "node_modules/react": {
      "version": "18.2.0",
      "resolved": "https://registry.npmjs.org/react/-/react-18.2.0.tgz",
      "integrity": "sha512-/3IjMdb2L9QbBdWiW5e3P2/npwMBaU9mHCSCUzNln0ZCYbcfTsGbTJrU/kGemdH2IWmB2ioZ+zkxtmq6g09fGQ==",
      "peer": true,
      "dependencies": {
        "loose-envify": "^1.1.0"
      },
      "engines": {
        "node": ">=0.10.0"
      }
    },
    "node_modules/use-sync-external-store": {
      "version": "1.2.0",
      "resolved": "https://registry.npmjs.org/use-sync-external-store/-/use-sync-external-store-1.2.0.tgz",
      "integrity": "sha512-eEgnFxGQ1Ife9bzYs6VLi8/4X6CObHMw9Qr9tPY43iKwsPw8xE8+EFsf/2cFZ5S3esXgpWgtSCtLNS41F+sKPA==",
      "peerDependencies": {
        "react": "^16.8.0 || ^17.0.0 || ^18.0.0"
      }
    },
    "node_modules/uuid": {
      "version": "9.0.0",
      "resolved": "https://registry.npmjs.org/uuid/-/uuid-9.0.0.tgz",
      "integrity": "sha512-MXcSTerfPa4uqyzStbRoTgt5XIe3x5+42+q1sDuy3R5MDk66URdLMOZe5aPX/SQd+kuYAh0FdP/pO28IkQyTeg==",
      "bin": {
        "uuid": "dist/bin/uuid"
      }
    }
  }
}
